hash: e0bf552e4dd018f36afb41554eb253ebfd01c8d4f04270a461517d8d835a0eee
updated: 2018-05-22T10:01:48.408427-04:00
imports:
- name: github.com/go-yaml/yaml
  version: 7f97868eec74b32b0982dd158a51a446d1da7eb5
- name: github.com/olebedev/config
  version: 9a10d05a33a8b9e828f20491e21e8927dec35f72
- name: github.com/Sirupsen/logrus
  version: d682213848ed68c0a260ca37d6dd5ace8423f5ba
  repo: https://github.com/sirupsen/logrus.git
- name: github.com/sirupsen/logrus
  version: d682213848ed68c0a260ca37d6dd5ace8423f5ba
- name: github.com/vmware/govmomi
  version: 58d927a6c3241af7f51cff7915920a616b7af3ee
  subpackages:
  - find
  - object
- name: golang.org/x/crypto
  version: 1a580b3eff7814fc9b40602fd35256c63b50f491
  subpackages:
  - ssh/terminal
- name: golang.org/x/sys
  version: 89da893103a6ed6c87fb4bb5c19fcf97812df621
  subpackages:
  - unix
  - windows
- name: gonum.org/v1/gonum
  version: 91face673862e278fb2854a435855f4454e9a874
  repo: https://github.com/gonum/gonum
  subpackages:
  - blas
  - blas/blas64
  - blas/gonum
  - floats
  - graph
  - graph/internal/linear
  - graph/internal/ordered
  - graph/internal/set
  - graph/internal/uid
  - graph/simple
  - graph/topo
  - graph/traverse
  - internal/asm/c128
  - internal/asm/f32
  - internal/asm/f64
  - internal/math32
  - lapack
  - lapack/gonum
  - lapack/lapack64
  - mat
- name: gopkg.in/urfave/cli.v1
  version: cfb38830724cc34fedffe9a2a29fb54fa9169cd1
- name: gopkg.in/yaml.v2
  version: 7f97868eec74b32b0982dd158a51a446d1da7eb5
testImports: []
