hash: a2d40d9c18282abc8d66c39bbabf992808807fed745d0971741c58141e67bc78
updated: 2018-05-21T12:47:46.973493-04:00
imports:
- name: github.com/go-yaml/yaml
  version: 7f97868eec74b32b0982dd158a51a446d1da7eb5
- name: github.com/olebedev/config
  version: 9a10d05a33a8b9e828f20491e21e8927dec35f72
- name: github.com/Sirupsen/logrus
  version: d682213848ed68c0a260ca37d6dd5ace8423f5ba
  repo: https://github.com/sirupsen/logrus.git
- name: github.com/sirupsen/logrus
  version: d682213848ed68c0a260ca37d6dd5ace8423f5ba
- name: github.com/vmware/govmomi
  version: 58d927a6c3241af7f51cff7915920a616b7af3ee
  subpackages:
  - find
  - object
- name: golang.org/x/crypto
  version: 85f98707c97e11569271e4d9b3d397e079c4f4d0
  subpackages:
  - ssh/terminal
- name: golang.org/x/sys
  version: dd2ff4accc098aceecb86b36eaa7829b2a17b1c9
  subpackages:
  - unix
  - windows
- name: gonum.org/v1/gonum
  version: c073a4bd2d00f23a602eb425bb32d66fdc1e5ee8
  repo: https://github.com/gonum/gonum
  subpackages:
  - blas
  - blas/blas64
  - blas/gonum
  - floats
  - graph
  - graph/internal/linear
  - graph/internal/ordered
  - graph/internal/set
  - graph/internal/uid
  - graph/simple
  - graph/topo
  - graph/traverse
  - internal/asm/c128
  - internal/asm/f32
  - internal/asm/f64
  - internal/math32
  - lapack
  - lapack/gonum
  - lapack/lapack64
  - mat
- name: gopkg.in/urfave/cli.v1
  version: cfb38830724cc34fedffe9a2a29fb54fa9169cd1
- name: gopkg.in/yaml.v2
  version: 7f97868eec74b32b0982dd158a51a446d1da7eb5
testImports: []
